
Microsoft Visual Studio Solution File, Format Version 12.00
# Visual Studio Version 17
VisualStudioVersion = 17.8.34330.188
MinimumVisualStudioVersion = 10.0.40219.1
Project("{FAE04EC0-301F-11D3-BF4B-00C04F79EFBC}") = "EmployeeServiceDummy", "EmployeeServiceDummy\EmployeeServiceDummy.csproj", "{B73C0FFD-B8BD-40EC-BD29-6154E361524C}"
EndProject
Global
	GlobalSection(SolutionConfigurationPlatforms) = preSolution
		Debug|Any CPU = Debug|Any CPU
		Release|Any CPU = Release|Any CPU
	EndGlobalSection
	GlobalSection(ProjectConfigurationPlatforms) = postSolution
		{B73C0FFD-B8BD-40EC-BD29-6154E361524C}.Debug|Any CPU.ActiveCfg = Debug|Any CPU
		{B73C0FFD-B8BD-40EC-BD29-6154E361524C}.Debug|Any CPU.Build.0 = Debug|Any CPU
		{B73C0FFD-B8BD-40EC-BD29-6154E361524C}.Release|Any CPU.ActiveCfg = Release|Any CPU
		{B73C0FFD-B8BD-40EC-BD29-6154E361524C}.Release|Any CPU.Build.0 = Release|Any CPU
	EndGlobalSection
	GlobalSection(SolutionProperties) = preSolution
		HideSolutionNode = FALSE
	EndGlobalSection
	GlobalSection(ExtensibilityGlobals) = postSolution
		SolutionGuid = {E8B1138B-809B-4353-97EC-A3D27212647E}
	EndGlobalSection
EndGlobal
